
Microsoft Visual Studio Solution File, Format Version 12.00
# Visual Studio Version 17
VisualStudioVersion = 17.4.33110.190
MinimumVisualStudioVersion = 10.0.40219.1
Project("{2150E333-8FDC-42A3-9474-1A3956D46DE8}") = "EmployeeTurim", "EmployeeTurim", "{D829D569-25CE-467E-9934-E37AF4871399}"
EndProject
Project("{2150E333-8FDC-42A3-9474-1A3956D46DE8}") = "1 - APIs", "1 - APIs", "{41482E25-D538-456F-A00D-16844CDE6200}"
EndProject
Project("{2150E333-8FDC-42A3-9474-1A3956D46DE8}") = "2 - Domain", "2 - Domain", "{0A34E0E3-92CF-4449-B46D-CA34E74246D5}"
EndProject
Project("{2150E333-8FDC-42A3-9474-1A3956D46DE8}") = "3 - Repository", "3 - Repository", "{7ED604D0-B555-44B9-BF0D-F40322197D38}"
EndProject
Project("{2150E333-8FDC-42A3-9474-1A3956D46DE8}") = "4 - Services", "4 - Services", "{4AC2E20D-537F-4C45-8D7A-FB62994FB72D}"
EndProject
Project("{2150E333-8FDC-42A3-9474-1A3956D46DE8}") = "5 - Teste", "5 - Teste", "{DA739951-ACE1-4C9A-9C31-05D27DE0A621}"
EndProject
Project("{9A19103F-16F7-4668-BE54-9A1E7A4F7556}") = "EmployeeTurim.Api", "EmployeeTurim.Api\EmployeeTurim.Api.csproj", "{16F6286D-D2E6-4DC2-8D4D-24594C70529E}"
EndProject
Project("{2150E333-8FDC-42A3-9474-1A3956D46DE8}") = "ProfitSharing", "ProfitSharing", "{A00E0951-CAFB-4FBA-90A8-531F5EC5D288}"
EndProject
Project("{2150E333-8FDC-42A3-9474-1A3956D46DE8}") = "1 - APIs", "1 - APIs", "{3BDDCCA7-9CA4-4164-97A5-4059351C9C5C}"
EndProject
Project("{2150E333-8FDC-42A3-9474-1A3956D46DE8}") = "2 - Domain", "2 - Domain", "{2F0DCDE2-751F-4F9B-98B7-614A92F8051F}"
EndProject
Project("{2150E333-8FDC-42A3-9474-1A3956D46DE8}") = "3 - Infra", "3 - Infra", "{BE6C2AA7-076F-4BBC-B88E-02ADE12B395C}"
EndProject
Project("{2150E333-8FDC-42A3-9474-1A3956D46DE8}") = "4 - Services", "4 - Services", "{24047B69-F9BC-4867-804C-F587B99E9734}"
EndProject
Project("{2150E333-8FDC-42A3-9474-1A3956D46DE8}") = "Solution Items", "Solution Items", "{44BCA339-532C-47AB-A33A-64B8B0CB2599}"
	ProjectSection(SolutionItems) = preProject
		.editorconfig = .editorconfig
	EndProjectSection
EndProject
Project("{9A19103F-16F7-4668-BE54-9A1E7A4F7556}") = "ProfitSharing.Domain", "ProfitSharing.Domain\ProfitSharing.Domain.csproj", "{2F6C582C-C13D-40B4-89D4-3212F44C2272}"
EndProject
Project("{9A19103F-16F7-4668-BE54-9A1E7A4F7556}") = "ProfitSharing.Infrastructure", "ProfitSharing.Infrastructure\ProfitSharing.Infrastructure.csproj", "{5DE5B9E9-21F1-4E69-83C3-69B879FBC38F}"
EndProject
Project("{9A19103F-16F7-4668-BE54-9A1E7A4F7556}") = "ProfitSharing.Service", "ProfitSharing.Service\ProfitSharing.Service.csproj", "{450ABC0C-5820-4608-A55B-42234F63AF6D}"
EndProject
Project("{9A19103F-16F7-4668-BE54-9A1E7A4F7556}") = "ProfitSharing.Api", "ProfitSharing.Api\ProfitSharing.Api.csproj", "{91AAB140-9956-4D07-8846-56797D6648CA}"
EndProject
Project("{FAE04EC0-301F-11D3-BF4B-00C04F79EFBC}") = "EmployeeTurim.Test", "EmployeeTurim.Test\EmployeeTurim.Test.csproj", "{D2358D22-524A-4210-8221-A8C9FEEC540D}"
EndProject
Project("{9A19103F-16F7-4668-BE54-9A1E7A4F7556}") = "EmployeeTurim.Domain", "EmployeeTurim.Domain\EmployeeTurim.Domain.csproj", "{9EF43A44-BD4D-4DC0-96EC-3C7E8D5AB296}"
EndProject
Project("{9A19103F-16F7-4668-BE54-9A1E7A4F7556}") = "EmployeeTurim.Repository", "EmployeeTurim.Repository\EmployeeTurim.Repository.csproj", "{D3750BAF-B547-45E7-B597-EF9EDF9499D7}"
EndProject
Project("{9A19103F-16F7-4668-BE54-9A1E7A4F7556}") = "EmployeeTurim.Service", "EmployeeTurim.Service\EmployeeTurim.Service.csproj", "{C0968613-05B5-4BDF-883B-6A849E81D9EE}"
EndProject
Global
	GlobalSection(SolutionConfigurationPlatforms) = preSolution
		Debug|Any CPU = Debug|Any CPU
		Release|Any CPU = Release|Any CPU
	EndGlobalSection
	GlobalSection(ProjectConfigurationPlatforms) = postSolution
		{16F6286D-D2E6-4DC2-8D4D-24594C70529E}.Debug|Any CPU.ActiveCfg = Debug|Any CPU
		{16F6286D-D2E6-4DC2-8D4D-24594C70529E}.Debug|Any CPU.Build.0 = Debug|Any CPU
		{16F6286D-D2E6-4DC2-8D4D-24594C70529E}.Release|Any CPU.ActiveCfg = Release|Any CPU
		{16F6286D-D2E6-4DC2-8D4D-24594C70529E}.Release|Any CPU.Build.0 = Release|Any CPU
		{2F6C582C-C13D-40B4-89D4-3212F44C2272}.Debug|Any CPU.ActiveCfg = Debug|Any CPU
		{2F6C582C-C13D-40B4-89D4-3212F44C2272}.Debug|Any CPU.Build.0 = Debug|Any CPU
		{2F6C582C-C13D-40B4-89D4-3212F44C2272}.Release|Any CPU.ActiveCfg = Release|Any CPU
		{2F6C582C-C13D-40B4-89D4-3212F44C2272}.Release|Any CPU.Build.0 = Release|Any CPU
		{5DE5B9E9-21F1-4E69-83C3-69B879FBC38F}.Debug|Any CPU.ActiveCfg = Debug|Any CPU
		{5DE5B9E9-21F1-4E69-83C3-69B879FBC38F}.Debug|Any CPU.Build.0 = Debug|Any CPU
		{5DE5B9E9-21F1-4E69-83C3-69B879FBC38F}.Release|Any CPU.ActiveCfg = Release|Any CPU
		{5DE5B9E9-21F1-4E69-83C3-69B879FBC38F}.Release|Any CPU.Build.0 = Release|Any CPU
		{450ABC0C-5820-4608-A55B-42234F63AF6D}.Debug|Any CPU.ActiveCfg = Debug|Any CPU
		{450ABC0C-5820-4608-A55B-42234F63AF6D}.Debug|Any CPU.Build.0 = Debug|Any CPU
		{450ABC0C-5820-4608-A55B-42234F63AF6D}.Release|Any CPU.ActiveCfg = Release|Any CPU
		{450ABC0C-5820-4608-A55B-42234F63AF6D}.Release|Any CPU.Build.0 = Release|Any CPU
		{91AAB140-9956-4D07-8846-56797D6648CA}.Debug|Any CPU.ActiveCfg = Debug|Any CPU
		{91AAB140-9956-4D07-8846-56797D6648CA}.Debug|Any CPU.Build.0 = Debug|Any CPU
		{91AAB140-9956-4D07-8846-56797D6648CA}.Release|Any CPU.ActiveCfg = Release|Any CPU
		{91AAB140-9956-4D07-8846-56797D6648CA}.Release|Any CPU.Build.0 = Release|Any CPU
		{D2358D22-524A-4210-8221-A8C9FEEC540D}.Debug|Any CPU.ActiveCfg = Debug|Any CPU
		{D2358D22-524A-4210-8221-A8C9FEEC540D}.Debug|Any CPU.Build.0 = Debug|Any CPU
		{D2358D22-524A-4210-8221-A8C9FEEC540D}.Release|Any CPU.ActiveCfg = Release|Any CPU
		{D2358D22-524A-4210-8221-A8C9FEEC540D}.Release|Any CPU.Build.0 = Release|Any CPU
		{9EF43A44-BD4D-4DC0-96EC-3C7E8D5AB296}.Debug|Any CPU.ActiveCfg = Debug|Any CPU
		{9EF43A44-BD4D-4DC0-96EC-3C7E8D5AB296}.Debug|Any CPU.Build.0 = Debug|Any CPU
		{9EF43A44-BD4D-4DC0-96EC-3C7E8D5AB296}.Release|Any CPU.ActiveCfg = Release|Any CPU
		{9EF43A44-BD4D-4DC0-96EC-3C7E8D5AB296}.Release|Any CPU.Build.0 = Release|Any CPU
		{D3750BAF-B547-45E7-B597-EF9EDF9499D7}.Debug|Any CPU.ActiveCfg = Debug|Any CPU
		{D3750BAF-B547-45E7-B597-EF9EDF9499D7}.Debug|Any CPU.Build.0 = Debug|Any CPU
		{D3750BAF-B547-45E7-B597-EF9EDF9499D7}.Release|Any CPU.ActiveCfg = Release|Any CPU
		{D3750BAF-B547-45E7-B597-EF9EDF9499D7}.Release|Any CPU.Build.0 = Release|Any CPU
		{C0968613-05B5-4BDF-883B-6A849E81D9EE}.Debug|Any CPU.ActiveCfg = Debug|Any CPU
		{C0968613-05B5-4BDF-883B-6A849E81D9EE}.Debug|Any CPU.Build.0 = Debug|Any CPU
		{C0968613-05B5-4BDF-883B-6A849E81D9EE}.Release|Any CPU.ActiveCfg = Release|Any CPU
		{C0968613-05B5-4BDF-883B-6A849E81D9EE}.Release|Any CPU.Build.0 = Release|Any CPU
	EndGlobalSection
	GlobalSection(SolutionProperties) = preSolution
		HideSolutionNode = FALSE
	EndGlobalSection
	GlobalSection(NestedProjects) = preSolution
		{41482E25-D538-456F-A00D-16844CDE6200} = {D829D569-25CE-467E-9934-E37AF4871399}
		{0A34E0E3-92CF-4449-B46D-CA34E74246D5} = {D829D569-25CE-467E-9934-E37AF4871399}
		{7ED604D0-B555-44B9-BF0D-F40322197D38} = {D829D569-25CE-467E-9934-E37AF4871399}
		{4AC2E20D-537F-4C45-8D7A-FB62994FB72D} = {D829D569-25CE-467E-9934-E37AF4871399}
		{DA739951-ACE1-4C9A-9C31-05D27DE0A621} = {D829D569-25CE-467E-9934-E37AF4871399}
		{16F6286D-D2E6-4DC2-8D4D-24594C70529E} = {41482E25-D538-456F-A00D-16844CDE6200}
		{3BDDCCA7-9CA4-4164-97A5-4059351C9C5C} = {A00E0951-CAFB-4FBA-90A8-531F5EC5D288}
		{2F0DCDE2-751F-4F9B-98B7-614A92F8051F} = {A00E0951-CAFB-4FBA-90A8-531F5EC5D288}
		{BE6C2AA7-076F-4BBC-B88E-02ADE12B395C} = {A00E0951-CAFB-4FBA-90A8-531F5EC5D288}
		{24047B69-F9BC-4867-804C-F587B99E9734} = {A00E0951-CAFB-4FBA-90A8-531F5EC5D288}
		{2F6C582C-C13D-40B4-89D4-3212F44C2272} = {2F0DCDE2-751F-4F9B-98B7-614A92F8051F}
		{5DE5B9E9-21F1-4E69-83C3-69B879FBC38F} = {BE6C2AA7-076F-4BBC-B88E-02ADE12B395C}
		{450ABC0C-5820-4608-A55B-42234F63AF6D} = {24047B69-F9BC-4867-804C-F587B99E9734}
		{91AAB140-9956-4D07-8846-56797D6648CA} = {3BDDCCA7-9CA4-4164-97A5-4059351C9C5C}
		{D2358D22-524A-4210-8221-A8C9FEEC540D} = {DA739951-ACE1-4C9A-9C31-05D27DE0A621}
		{9EF43A44-BD4D-4DC0-96EC-3C7E8D5AB296} = {0A34E0E3-92CF-4449-B46D-CA34E74246D5}
		{D3750BAF-B547-45E7-B597-EF9EDF9499D7} = {7ED604D0-B555-44B9-BF0D-F40322197D38}
		{C0968613-05B5-4BDF-883B-6A849E81D9EE} = {4AC2E20D-537F-4C45-8D7A-FB62994FB72D}
	EndGlobalSection
	GlobalSection(ExtensibilityGlobals) = postSolution
		SolutionGuid = {DF17577F-9DA5-4D20-859F-9EEDA66FEDCA}
	EndGlobalSection
EndGlobal
