
Microsoft Visual Studio Solution File, Format Version 12.00
# Visual Studio Version 17
VisualStudioVersion = 17.4.33110.190
MinimumVisualStudioVersion = 10.0.40219.1
Project("{9A19103F-16F7-4668-BE54-9A1E7A4F7556}") = "EmployeeTurim.Api", "EmployeedTurim,Api\EmployeeTurim.Api.csproj", "{697E6456-C63E-4FB8-82BB-D685D89685A9}"
EndProject
Project("{2150E333-8FDC-42A3-9474-1A3956D46DE8}") = "EmployeeTurim", "EmployeeTurim", "{D829D569-25CE-467E-9934-E37AF4871399}"
EndProject
Project("{9A19103F-16F7-4668-BE54-9A1E7A4F7556}") = "EmployeeTurim.Service", "Entities\EmployeeTurim.Service.csproj", "{FCF29150-19DF-4D6F-8FB2-F149DF88B206}"
EndProject
Project("{2150E333-8FDC-42A3-9474-1A3956D46DE8}") = "1 - APIs", "1 - APIs", "{41482E25-D538-456F-A00D-16844CDE6200}"
EndProject
Project("{2150E333-8FDC-42A3-9474-1A3956D46DE8}") = "2 - Domain", "2 - Domain", "{0A34E0E3-92CF-4449-B46D-CA34E74246D5}"
EndProject
Project("{2150E333-8FDC-42A3-9474-1A3956D46DE8}") = "3 - Repository", "3 - Repository", "{7ED604D0-B555-44B9-BF0D-F40322197D38}"
EndProject
Project("{2150E333-8FDC-42A3-9474-1A3956D46DE8}") = "4 - Services", "4 - Services", "{4AC2E20D-537F-4C45-8D7A-FB62994FB72D}"
EndProject
Project("{2150E333-8FDC-42A3-9474-1A3956D46DE8}") = "5 - Teste", "5 - Teste", "{DA739951-ACE1-4C9A-9C31-05D27DE0A621}"
EndProject
Project("{9A19103F-16F7-4668-BE54-9A1E7A4F7556}") = "EmployeeTurim.Repository", "Infra\EmployeeTurim.Repository.csproj", "{E261160B-FC9A-4F90-9D0A-51DCF9CCB757}"
EndProject
Project("{9A19103F-16F7-4668-BE54-9A1E7A4F7556}") = "EmployeeTurim.Domain", "Domain\EmployeeTurim.Domain.csproj", "{E596D506-64CD-4203-84E9-89B2BEDB323C}"
EndProject
Global
	GlobalSection(SolutionConfigurationPlatforms) = preSolution
		Debug|Any CPU = Debug|Any CPU
		Release|Any CPU = Release|Any CPU
	EndGlobalSection
	GlobalSection(ProjectConfigurationPlatforms) = postSolution
		{697E6456-C63E-4FB8-82BB-D685D89685A9}.Debug|Any CPU.ActiveCfg = Debug|Any CPU
		{697E6456-C63E-4FB8-82BB-D685D89685A9}.Debug|Any CPU.Build.0 = Debug|Any CPU
		{697E6456-C63E-4FB8-82BB-D685D89685A9}.Release|Any CPU.ActiveCfg = Release|Any CPU
		{697E6456-C63E-4FB8-82BB-D685D89685A9}.Release|Any CPU.Build.0 = Release|Any CPU
		{FCF29150-19DF-4D6F-8FB2-F149DF88B206}.Debug|Any CPU.ActiveCfg = Debug|Any CPU
		{FCF29150-19DF-4D6F-8FB2-F149DF88B206}.Debug|Any CPU.Build.0 = Debug|Any CPU
		{FCF29150-19DF-4D6F-8FB2-F149DF88B206}.Release|Any CPU.ActiveCfg = Release|Any CPU
		{FCF29150-19DF-4D6F-8FB2-F149DF88B206}.Release|Any CPU.Build.0 = Release|Any CPU
		{E261160B-FC9A-4F90-9D0A-51DCF9CCB757}.Debug|Any CPU.ActiveCfg = Debug|Any CPU
		{E261160B-FC9A-4F90-9D0A-51DCF9CCB757}.Debug|Any CPU.Build.0 = Debug|Any CPU
		{E261160B-FC9A-4F90-9D0A-51DCF9CCB757}.Release|Any CPU.ActiveCfg = Release|Any CPU
		{E261160B-FC9A-4F90-9D0A-51DCF9CCB757}.Release|Any CPU.Build.0 = Release|Any CPU
		{E596D506-64CD-4203-84E9-89B2BEDB323C}.Debug|Any CPU.ActiveCfg = Debug|Any CPU
		{E596D506-64CD-4203-84E9-89B2BEDB323C}.Debug|Any CPU.Build.0 = Debug|Any CPU
		{E596D506-64CD-4203-84E9-89B2BEDB323C}.Release|Any CPU.ActiveCfg = Release|Any CPU
		{E596D506-64CD-4203-84E9-89B2BEDB323C}.Release|Any CPU.Build.0 = Release|Any CPU
	EndGlobalSection
	GlobalSection(SolutionProperties) = preSolution
		HideSolutionNode = FALSE
	EndGlobalSection
	GlobalSection(NestedProjects) = preSolution
		{697E6456-C63E-4FB8-82BB-D685D89685A9} = {41482E25-D538-456F-A00D-16844CDE6200}
		{FCF29150-19DF-4D6F-8FB2-F149DF88B206} = {4AC2E20D-537F-4C45-8D7A-FB62994FB72D}
		{41482E25-D538-456F-A00D-16844CDE6200} = {D829D569-25CE-467E-9934-E37AF4871399}
		{0A34E0E3-92CF-4449-B46D-CA34E74246D5} = {D829D569-25CE-467E-9934-E37AF4871399}
		{7ED604D0-B555-44B9-BF0D-F40322197D38} = {D829D569-25CE-467E-9934-E37AF4871399}
		{4AC2E20D-537F-4C45-8D7A-FB62994FB72D} = {D829D569-25CE-467E-9934-E37AF4871399}
		{DA739951-ACE1-4C9A-9C31-05D27DE0A621} = {D829D569-25CE-467E-9934-E37AF4871399}
		{E261160B-FC9A-4F90-9D0A-51DCF9CCB757} = {7ED604D0-B555-44B9-BF0D-F40322197D38}
		{E596D506-64CD-4203-84E9-89B2BEDB323C} = {0A34E0E3-92CF-4449-B46D-CA34E74246D5}
	EndGlobalSection
	GlobalSection(ExtensibilityGlobals) = postSolution
		SolutionGuid = {DF17577F-9DA5-4D20-859F-9EEDA66FEDCA}
	EndGlobalSection
EndGlobal
