
Microsoft Visual Studio Solution File, Format Version 12.00
# Visual Studio Version 17
VisualStudioVersion = 17.4.33110.190
MinimumVisualStudioVersion = 10.0.40219.1
Project("{54A90642-561A-4BB1-A94E-469ADEE60C69}") = "reactproject1", "reactproject1\reactproject1.esproj", "{7DA7F013-6144-498D-8BE5-4A1B689283A2}"
EndProject
Global
	GlobalSection(SolutionConfigurationPlatforms) = preSolution
		Debug|Any CPU = Debug|Any CPU
		Release|Any CPU = Release|Any CPU
	EndGlobalSection
	GlobalSection(ProjectConfigurationPlatforms) = postSolution
		{7DA7F013-6144-498D-8BE5-4A1B689283A2}.Debug|Any CPU.ActiveCfg = Debug|Any CPU
		{7DA7F013-6144-498D-8BE5-4A1B689283A2}.Debug|Any CPU.Build.0 = Debug|Any CPU
		{7DA7F013-6144-498D-8BE5-4A1B689283A2}.Debug|Any CPU.Deploy.0 = Debug|Any CPU
		{7DA7F013-6144-498D-8BE5-4A1B689283A2}.Release|Any CPU.ActiveCfg = Release|Any CPU
		{7DA7F013-6144-498D-8BE5-4A1B689283A2}.Release|Any CPU.Build.0 = Release|Any CPU
		{7DA7F013-6144-498D-8BE5-4A1B689283A2}.Release|Any CPU.Deploy.0 = Release|Any CPU
	EndGlobalSection
	GlobalSection(SolutionProperties) = preSolution
		HideSolutionNode = FALSE
	EndGlobalSection
	GlobalSection(ExtensibilityGlobals) = postSolution
		SolutionGuid = {FFDAC630-5139-4BBF-A3CA-DF8E78A84B4C}
	EndGlobalSection
EndGlobal
